lockfileVersion: '9.0'

settings:
  autoInstallPeers: true
  excludeLinksFromLockfile: false

importers:

  .:
    dependencies:
      rolldown:
        specifier: 1.0.0-beta.26
        version: 1.0.0-beta.26
    devDependencies:
      '@tsconfig/node22':
        specifier: ^22.0.2
        version: 22.0.2
      '@types/node':
        specifier: ^24.0.13
        version: 24.0.13
      arktype:
        specifier: ^2.1.20
        version: 2.1.20
      cac:
        specifier: ^6.7.14
        version: 6.7.14
      find-up-simple:
        specifier: ^1.0.1
        version: 1.0.1
      premove:
        specifier: ^4.0.0
        version: 4.0.0
      prettier:
        specifier: ^3.6.2
        version: 3.6.2

packages:

  '@ark/schema@0.46.0':
    resolution: {integrity: sha512-c2UQdKgP2eqqDArfBqQIJppxJHvNNXuQPeuSPlDML4rjw+f1cu0qAlzOG4b8ujgm9ctIDWwhpyw6gjG5ledIVQ==}

  '@ark/util@0.46.0':
    resolution: {integrity: sha512-JPy/NGWn/lvf1WmGCPw2VGpBg5utZraE84I7wli18EDF3p3zc/e9WolT35tINeZO3l7C77SjqRJeAUoT0CvMRg==}

  '@emnapi/core@1.4.4':
    resolution: {integrity: sha512-A9CnAbC6ARNMKcIcrQwq6HeHCjpcBZ5wSx4U01WXCqEKlrzB9F9315WDNHkrs2xbx7YjjSxbUYxuN6EQzpcY2g==}

  '@emnapi/runtime@1.4.4':
    resolution: {integrity: sha512-hHyapA4A3gPaDCNfiqyZUStTMqIkKRshqPIuDOXv1hcBnD4U3l8cP0T1HMCfGRxQ6V64TGCcoswChANyOAwbQg==}

  '@emnapi/wasi-threads@1.0.3':
    resolution: {integrity: sha512-8K5IFFsQqF9wQNJptGbS6FNKgUTsSRYnTqNCG1vPP8jFdjSv18n2mQfJpkt2Oibo9iBEzcDnDxNwKTzC7svlJw==}

  '@napi-rs/wasm-runtime@0.2.12':
    resolution: {integrity: sha512-ZVWUcfwY4E/yPitQJl481FjFo3K22D6qF0DuFH6Y/nbnE11GY5uguDxZMGXPQ8WQ0128MXQD7TnfHyK4oWoIJQ==}

  '@oxc-project/runtime@0.76.0':
    resolution: {integrity: sha512-17iezP/BukiovZZR7lp6fZZjNTOmodCWQKkI7sn2sOB1TiccRWzO2bpxnE94jhg8l+nBRMrwnM/cjFCr23winw==}
    engines: {node: '>=6.9.0'}

  '@oxc-project/types@0.76.0':
    resolution: {integrity: sha512-CH3THIrSViKal8yV/Wh3FK0pFhp40nzW1MUDCik9fNuid2D/7JJXKJnfFOAvMxInGXDlvmgT6ACAzrl47TqzkQ==}

  '@rolldown/binding-darwin-arm64@1.0.0-beta.26':
    resolution: {integrity: sha512-I73Ej+PVoCJiYQHpy45CHKkLgFqrYv9O1CUJs6TIav6f8f9WAVeN/k0YXrs0tgMO20AfsyEN8zenz2wprVWOYQ==}
    cpu: [arm64]
    os: [darwin]

  '@rolldown/binding-darwin-x64@1.0.0-beta.26':
    resolution: {integrity: sha512-IcXzfO2/9bnm6WfCNmGxBiD1kQQdA0pTjjGcjvglUub8H6RlEY0tz+IIQxUirsl/++84S0PkCuafAxZi8Am8fg==}
    cpu: [x64]
    os: [darwin]

  '@rolldown/binding-freebsd-x64@1.0.0-beta.26':
    resolution: {integrity: sha512-foLJNqEFdvwFm2MXDFxgywxJMic+wovbpEyszlz5K/sUbN7sP2+NJ7MZAUMHuggiswB4Rt1HqRLYKy26zJev8g==}
    cpu: [x64]
    os: [freebsd]

  '@rolldown/binding-linux-arm-gnueabihf@1.0.0-beta.26':
    resolution: {integrity: sha512-1BWDpLtujfZCvWAcfIamqHGWo2+VnPWvpZQR0DL5qNit6cu3FC0sRZ+bZzTUK0QWDTA7nUy5RR9fUTL2PQxH2g==}
    cpu: [arm]
    os: [linux]

  '@rolldown/binding-linux-arm64-gnu@1.0.0-beta.26':
    resolution: {integrity: sha512-lg6DVwciFb7sIw0ONDHeLhRuFQl/wz+J26bxfVOVzVoQ7Zgl07gDklv7q96W7SRDAjlG/20flBOexdiPim/I3g==}
    cpu: [arm64]
    os: [linux]

  '@rolldown/binding-linux-arm64-musl@1.0.0-beta.26':
    resolution: {integrity: sha512-0X14trOBVtU13Y0XYeb8EvOvb3/TxJVOmalDakEID/UUX9qkvOmlU0fvoDVmsnhH6yx23bDlpmOj0f8V3BCgIw==}
    cpu: [arm64]
    os: [linux]

  '@rolldown/binding-linux-x64-gnu@1.0.0-beta.26':
    resolution: {integrity: sha512-stb8XloM+N3hSKUs6kS5tNqrlTGsCoYuh9emFZtTovfFzzdFYevgXoOdeGoXv9KkPh5B7MOMl4/7c+WaX46Opg==}
    cpu: [x64]
    os: [linux]

  '@rolldown/binding-linux-x64-musl@1.0.0-beta.26':
    resolution: {integrity: sha512-5udEpAS5IUy2t74d/m40JUYyk3Ga8QXQDvK7eGqDDOwz8/7Piq0kCwmNuLnpSRiqbXNP8mnVlvtIcASJUEtRPA==}
    cpu: [x64]
    os: [linux]

  '@rolldown/binding-wasm32-wasi@1.0.0-beta.26':
    resolution: {integrity: sha512-Is5tTdScXXQzslj7+jCFncPoRNARJ/+fYt/C9+Yx0QQ67/m8pGPLFoCzIKmJQZ8QHzOfq5ML4CQlMgBbCFlZqQ==}
    engines: {node: '>=14.21.3'}
    cpu: [wasm32]

  '@rolldown/binding-win32-arm64-msvc@1.0.0-beta.26':
    resolution: {integrity: sha512-bH+TB+/8Z/95cxGws0fH995HsbsopVYdGcuM1Z/Hnqe7KPLkhqkubsambHQYd1V/QNbLzAgJ0nMAFLyBrwFZZQ==}
    cpu: [arm64]
    os: [win32]

  '@rolldown/binding-win32-ia32-msvc@1.0.0-beta.26':
    resolution: {integrity: sha512-Nsg7ZzfwLHwKGneuNHEpqdBekmZA5pzVOuFx5R8EVyva8dg+sgtDHQRmiVSVYe25YYISNFXDSuHKwNhrWI4HWA==}
    cpu: [ia32]
    os: [win32]

  '@rolldown/binding-win32-x64-msvc@1.0.0-beta.26':
    resolution: {integrity: sha512-NE5Btf10Fu3IbpHxrlRkgcO/d05iEpbIiP/XdMYW7Lc9BGSgE4f8njUHnM0V2XJKyXkC1fqv/uHSEw2dCNgzxQ==}
    cpu: [x64]
    os: [win32]

  '@rolldown/pluginutils@1.0.0-beta.26':
    resolution: {integrity: sha512-r/5po89voz/QRPDmoErL10+hVuTAuz1SHvokx+yWBlOIPB5C41jC7QhLqq9kaebx/+EHyoV3z22/qBfX81Ns8A==}

  '@tsconfig/node22@22.0.2':
    resolution: {integrity: sha512-Kmwj4u8sDRDrMYRoN9FDEcXD8UpBSaPQQ24Gz+Gamqfm7xxn+GBR7ge/Z7pK8OXNGyUzbSwJj+TH6B+DS/epyA==}

  '@tybys/wasm-util@0.10.0':
    resolution: {integrity: sha512-VyyPYFlOMNylG45GoAe0xDoLwWuowvf92F9kySqzYh8vmYm7D2u4iUJKa1tOUpS70Ku13ASrOkS4ScXFsTaCNQ==}

  '@types/node@24.0.13':
    resolution: {integrity: sha512-Qm9OYVOFHFYg3wJoTSrz80hoec5Lia/dPp84do3X7dZvLikQvM1YpmvTBEdIr/e+U8HTkFjLHLnl78K/qjf+jQ==}

  ansis@4.1.0:
    resolution: {integrity: sha512-BGcItUBWSMRgOCe+SVZJ+S7yTRG0eGt9cXAHev72yuGcY23hnLA7Bky5L/xLyPINoSN95geovfBkqoTlNZYa7w==}
    engines: {node: '>=14'}

  arktype@2.1.20:
    resolution: {integrity: sha512-IZCEEXaJ8g+Ijd59WtSYwtjnqXiwM8sWQ5EjGamcto7+HVN9eK0C4p0zDlCuAwWhpqr6fIBkxPuYDl4/Mcj/+Q==}

  cac@6.7.14:
    resolution: {integrity: sha512-b6Ilus+c3RrdDk+JhLKUAQfzzgLEPy6wcXqS7f/xe1EETvsDP6GORG7SFuOs6cID5YkqchW/LXZbX5bc8j7ZcQ==}
    engines: {node: '>=8'}

  find-up-simple@1.0.1:
    resolution: {integrity: sha512-afd4O7zpqHeRyg4PfDQsXmlDe2PfdHtJt6Akt8jOWaApLOZk5JXs6VMR29lz03pRe9mpykrRCYIYxaJYcfpncQ==}
    engines: {node: '>=18'}

  premove@4.0.0:
    resolution: {integrity: sha512-zim/Hr4+FVdCIM7zL9b9Z0Wfd5Ya3mnKtiuDv7L5lzYzanSq6cOcVJ7EFcgK4I0pt28l8H0jX/x3nyog380XgQ==}
    engines: {node: '>=6'}
    hasBin: true

  prettier@3.6.2:
    resolution: {integrity: sha512-I7AIg5boAr5R0FFtJ6rCfD+LFsWHp81dolrFD8S79U9tb8Az2nGrJncnMSnys+bpQJfRUzqs9hnA81OAA3hCuQ==}
    engines: {node: '>=14'}
    hasBin: true

  rolldown@1.0.0-beta.26:
    resolution: {integrity: sha512-2rad1JDFst/GD1J86RuqN1SIP8O8Xv4UbqNyKaVayXTjgF0D6HpvTnUZ1RQ6tANpZweGmq4v6Ay0uyRNEycFPw==}
    hasBin: true

  tslib@2.8.1:
    resolution: {integrity: sha512-oJFu94HQb+KVduSUQL7wnpmqnfmLsOA/nAh6b6EH0wCEoK0/mPeXU6c3wKDV83MkOuHPRHtSXKKU99IBazS/2w==}

  undici-types@7.8.0:
    resolution: {integrity: sha512-9UJ2xGDvQ43tYyVMpuHlsgApydB8ZKfVYTsLDhXkFL/6gfkp+U8xTGdh8pMJv1SpZna0zxG1DwsKZsreLbXBxw==}

snapshots:

  '@ark/schema@0.46.0':
    dependencies:
      '@ark/util': 0.46.0

  '@ark/util@0.46.0': {}

  '@emnapi/core@1.4.4':
    dependencies:
      '@emnapi/wasi-threads': 1.0.3
      tslib: 2.8.1
    optional: true

  '@emnapi/runtime@1.4.4':
    dependencies:
      tslib: 2.8.1
    optional: true

  '@emnapi/wasi-threads@1.0.3':
    dependencies:
      tslib: 2.8.1
    optional: true

  '@napi-rs/wasm-runtime@0.2.12':
    dependencies:
      '@emnapi/core': 1.4.4
      '@emnapi/runtime': 1.4.4
      '@tybys/wasm-util': 0.10.0
    optional: true

  '@oxc-project/runtime@0.76.0': {}

  '@oxc-project/types@0.76.0': {}

  '@rolldown/binding-darwin-arm64@1.0.0-beta.26':
    optional: true

  '@rolldown/binding-darwin-x64@1.0.0-beta.26':
    optional: true

  '@rolldown/binding-freebsd-x64@1.0.0-beta.26':
    optional: true

  '@rolldown/binding-linux-arm-gnueabihf@1.0.0-beta.26':
    optional: true

  '@rolldown/binding-linux-arm64-gnu@1.0.0-beta.26':
    optional: true

  '@rolldown/binding-linux-arm64-musl@1.0.0-beta.26':
    optional: true

  '@rolldown/binding-linux-x64-gnu@1.0.0-beta.26':
    optional: true

  '@rolldown/binding-linux-x64-musl@1.0.0-beta.26':
    optional: true

  '@rolldown/binding-wasm32-wasi@1.0.0-beta.26':
    dependencies:
      '@napi-rs/wasm-runtime': 0.2.12
    optional: true

  '@rolldown/binding-win32-arm64-msvc@1.0.0-beta.26':
    optional: true

  '@rolldown/binding-win32-ia32-msvc@1.0.0-beta.26':
    optional: true

  '@rolldown/binding-win32-x64-msvc@1.0.0-beta.26':
    optional: true

  '@rolldown/pluginutils@1.0.0-beta.26': {}

  '@tsconfig/node22@22.0.2': {}

  '@tybys/wasm-util@0.10.0':
    dependencies:
      tslib: 2.8.1
    optional: true

  '@types/node@24.0.13':
    dependencies:
      undici-types: 7.8.0

  ansis@4.1.0: {}

  arktype@2.1.20:
    dependencies:
      '@ark/schema': 0.46.0
      '@ark/util': 0.46.0

  cac@6.7.14: {}

  find-up-simple@1.0.1: {}

  premove@4.0.0: {}

  prettier@3.6.2: {}

  rolldown@1.0.0-beta.26:
    dependencies:
      '@oxc-project/runtime': 0.76.0
      '@oxc-project/types': 0.76.0
      '@rolldown/pluginutils': 1.0.0-beta.26
      ansis: 4.1.0
    optionalDependencies:
      '@rolldown/binding-darwin-arm64': 1.0.0-beta.26
      '@rolldown/binding-darwin-x64': 1.0.0-beta.26
      '@rolldown/binding-freebsd-x64': 1.0.0-beta.26
      '@rolldown/binding-linux-arm-gnueabihf': 1.0.0-beta.26
      '@rolldown/binding-linux-arm64-gnu': 1.0.0-beta.26
      '@rolldown/binding-linux-arm64-musl': 1.0.0-beta.26
      '@rolldown/binding-linux-x64-gnu': 1.0.0-beta.26
      '@rolldown/binding-linux-x64-musl': 1.0.0-beta.26
      '@rolldown/binding-wasm32-wasi': 1.0.0-beta.26
      '@rolldown/binding-win32-arm64-msvc': 1.0.0-beta.26
      '@rolldown/binding-win32-ia32-msvc': 1.0.0-beta.26
      '@rolldown/binding-win32-x64-msvc': 1.0.0-beta.26

  tslib@2.8.1:
    optional: true

  undici-types@7.8.0: {}
